{
  "nodes": {
    "dim-src": {
      "flake": false,
      "locked": {
        "lastModified": 1777118392,
        "narHash": "sha256-v1Mchvz33TynrgV7o0WsvZ7HH8u3E5tw+56alMyDx6E=",
        "owner": "PaceCCS",
        "repo": "dim",
        "rev": "88fd4c2739b75fb9ae1eb67c5984232c16eebe99",
        "type": "github"
      },
      "original": {
        "owner": "PaceCCS",
        "ref": "v0.1.1",
        "repo": "dim",
        "type": "github"
      }
    },
    "nixpkgs": {
      "locked": {
        "lastModified": 1776734388,
        "narHash": "sha256-vl3dkhlE5gzsItuHoEMVe+DlonsK+0836LIRDnm6MXQ=",
        "owner": "NixOS",
        "repo": "nixpkgs",
        "rev": "10e7ad5bbcb421fe07e3a4ad53a634b0cd57ffac",
        "type": "github"
      },
      "original": {
        "owner": "NixOS",
        "ref": "nixos-25.11",
        "repo": "nixpkgs",
        "type": "github"
      }
    },
    "root": {
      "inputs": {
        "dim-src": "dim-src",
        "nixpkgs": "nixpkgs"
      }
    }
  },
  "root": "root",
  "version": 7
}
